// !$*UTF8*$!
{
	archiveVersion = 1;
	classes = {
	};
	objectVersion = 56;
	objects = {

/* Begin PBXBuildFile section */
		8319188B2C2E4EBA006CDB4D /* SegueViewController.swift in Sources */ = {isa = PBXBuildFile; fileRef = 8319188A2C2E4EBA006CDB4D /* SegueViewController.swift */; };
		8319188D2C2E6CF8006CDB4D /* BigImageViewController.swift in Sources */ = {isa = PBXBuildFile; fileRef = 8319188C2C2E6CF8006CDB4D /* BigImageViewController.swift */; };
		8319188F2C2E96F0006CDB4D /* FooterTabView.xib in Resources */ = {isa = PBXBuildFile; fileRef = 8319188E2C2E96F0006CDB4D /* FooterTabView.xib */; };
		8387B2982C2A593800BF14E6 /* AppDelegate.swift in Sources */ = {isa = PBXBuildFile; fileRef = 8387B2972C2A593800BF14E6 /* AppDelegate.swift */; };
		8387B29A2C2A593800BF14E6 /* SceneDelegate.swift in Sources */ = {isa = PBXBuildFile; fileRef = 8387B2992C2A593800BF14E6 /* SceneDelegate.swift */; };
		8387B29C2C2A593800BF14E6 /* ViewController.swift in Sources */ = {isa = PBXBuildFile; fileRef = 8387B29B2C2A593800BF14E6 /* ViewController.swift */; };
		8387B29F2C2A593800BF14E6 /* Main.storyboard in Resources */ = {isa = PBXBuildFile; fileRef = 8387B29D2C2A593800BF14E6 /* Main.storyboard */; };
		8387B2A12C2A593900BF14E6 /* Assets.xcassets in Resources */ = {isa = PBXBuildFile; fileRef = 8387B2A02C2A593900BF14E6 /* Assets.xcassets */; };
		8387B2A42C2A593900BF14E6 /* LaunchScreen.storyboard in Resources */ = {isa = PBXBuildFile; fileRef = 8387B2A22C2A593900BF14E6 /* LaunchScreen.storyboard */; };
		8387B2AC2C2A781B00BF14E6 /* HomeViewController.swift in Sources */ = {isa = PBXBuildFile; fileRef = 8387B2AB2C2A781B00BF14E6 /* HomeViewController.swift */; };
		8387B2AE2C2A860600BF14E6 /* PhotoCollectionViewCell.swift in Sources */ = {isa = PBXBuildFile; fileRef = 8387B2AD2C2A860600BF14E6 /* PhotoCollectionViewCell.swift */; };
		83A931792C33C7210089FE5C /* Structs.swift in Sources */ = {isa = PBXBuildFile; fileRef = 83A931782C33C7210089FE5C /* Structs.swift */; };
		83A9317B2C33C9370089FE5C /* UnsplashAPI.swift in Sources */ = {isa = PBXBuildFile; fileRef = 83A9317A2C33C9370089FE5C /* UnsplashAPI.swift */; };
		83B7419E2C3239800000FA6E /* FooterTabView.swift in Sources */ = {isa = PBXBuildFile; fileRef = 83B7419D2C3239800000FA6E /* FooterTabView.swift */; };
		83B741A02C324D660000FA6E /* ColorSearchViewController.swift in Sources */ = {isa = PBXBuildFile; fileRef = 83B7419F2C324D660000FA6E /* ColorSearchViewController.swift */; };
		83B741A22C324D910000FA6E /* AppInfoViewController.swift in Sources */ = {isa = PBXBuildFile; fileRef = 83B741A12C324D910000FA6E /* AppInfoViewController.swift */; };
/* End PBXBuildFile section */

/* Begin PBXFileReference section */
		8319188A2C2E4EBA006CDB4D /* SegueViewController.swift */ = {isa = PBXFileReference; lastKnownFileType = sourcecode.swift; path = SegueViewController.swift; sourceTree = "<group>"; };
		8319188C2C2E6CF8006CDB4D /* BigImageViewController.swift */ = {isa = PBXFileReference; lastKnownFileType = sourcecode.swift; name = BigImageViewController.swift; path = WallpaperApp/BigImageViewController.swift; sourceTree = "<group>"; };
		8319188E2C2E96F0006CDB4D /* FooterTabView.xib */ = {isa = PBXFileReference; lastKnownFileType = file.xib; path = FooterTabView.xib; sourceTree = "<group>"; };
		8387B2942C2A593800BF14E6 /* WallpaperApp.app */ = {isa = PBXFileReference; explicitFileType = wrapper.application; includeInIndex = 0; path = WallpaperApp.app; sourceTree = BUILT_PRODUCTS_DIR; };
		8387B2972C2A593800BF14E6 /* AppDelegate.swift */ = {isa = PBXFileReference; lastKnownFileType = sourcecode.swift; path = AppDelegate.swift; sourceTree = "<group>"; };
		8387B2992C2A593800BF14E6 /* SceneDelegate.swift */ = {isa = PBXFileReference; lastKnownFileType = sourcecode.swift; path = SceneDelegate.swift; sourceTree = "<group>"; };
		8387B29B2C2A593800BF14E6 /* ViewController.swift */ = {isa = PBXFileReference; lastKnownFileType = sourcecode.swift; path = ViewController.swift; sourceTree = "<group>"; };
		8387B29E2C2A593800BF14E6 /* Base */ = {isa = PBXFileReference; lastKnownFileType = file.storyboard; name = Base; path = Base.lproj/Main.storyboard; sourceTree = "<group>"; };
		8387B2A02C2A593900BF14E6 /* Assets.xcassets */ = {isa = PBXFileReference; lastKnownFileType = folder.assetcatalog; path = Assets.xcassets; sourceTree = "<group>"; };
		8387B2A32C2A593900BF14E6 /* Base */ = {isa = PBXFileReference; lastKnownFileType = file.storyboard; name = Base; path = Base.lproj/LaunchScreen.storyboard; sourceTree = "<group>"; };
		8387B2A52C2A593900BF14E6 /* Info.plist */ = {isa = PBXFileReference; lastKnownFileType = text.plist.xml; path = Info.plist; sourceTree = "<group>"; };
		8387B2AB2C2A781B00BF14E6 /* HomeViewController.swift */ = {isa = PBXFileReference; lastKnownFileType = sourcecode.swift; path = HomeViewController.swift; sourceTree = "<group>"; };
		8387B2AD2C2A860600BF14E6 /* PhotoCollectionViewCell.swift */ = {isa = PBXFileReference; lastKnownFileType = sourcecode.swift; path = PhotoCollectionViewCell.swift; sourceTree = "<group>"; };
		83A931782C33C7210089FE5C /* Structs.swift */ = {isa = PBXFileReference; lastKnownFileType = sourcecode.swift; path = Structs.swift; sourceTree = "<group>"; };
		83A9317A2C33C9370089FE5C /* UnsplashAPI.swift */ = {isa = PBXFileReference; lastKnownFileType = sourcecode.swift; path = UnsplashAPI.swift; sourceTree = "<group>"; };
		83B7419D2C3239800000FA6E /* FooterTabView.swift */ = {isa = PBXFileReference; lastKnownFileType = sourcecode.swift; name = FooterTabView.swift; path = WallpaperApp/FooterTabView.swift; sourceTree = "<group>"; };
		83B7419F2C324D660000FA6E /* ColorSearchViewController.swift */ = {isa = PBXFileReference; lastKnownFileType = sourcecode.swift; path = ColorSearchViewController.swift; sourceTree = "<group>"; };
		83B741A12C324D910000FA6E /* AppInfoViewController.swift */ = {isa = PBXFileReference; lastKnownFileType = sourcecode.swift; name = AppInfoViewController.swift; path = WallpaperApp/AppInfoViewController.swift; sourceTree = "<group>"; };
/* End PBXFileReference section */

/* Begin PBXFrameworksBuildPhase section */
		8387B2912C2A593800BF14E6 /* Frameworks */ = {
			isa = PBXFrameworksBuildPhase;
			buildActionMask = 2147483647;
			files = (
			);
			runOnlyForDeploymentPostprocessing = 0;
		};
/* End PBXFrameworksBuildPhase section */

/* Begin PBXGroup section */
		8387B28B2C2A593700BF14E6 = {
			isa = PBXGroup;
			children = (
				83B741A12C324D910000FA6E /* AppInfoViewController.swift */,
				83B7419F2C324D660000FA6E /* ColorSearchViewController.swift */,
				8319188E2C2E96F0006CDB4D /* FooterTabView.xib */,
				83B7419D2C3239800000FA6E /* FooterTabView.swift */,
				8319188C2C2E6CF8006CDB4D /* BigImageViewController.swift */,
				8319188A2C2E4EBA006CDB4D /* SegueViewController.swift */,
				83A931782C33C7210089FE5C /* Structs.swift */,
				83A9317A2C33C9370089FE5C /* UnsplashAPI.swift */,
				8387B2962C2A593800BF14E6 /* WallpaperApp */,
				8387B2952C2A593800BF14E6 /* Products */,
			);
			sourceTree = "<group>";
		};
		8387B2952C2A593800BF14E6 /* Products */ = {
			isa = PBXGroup;
			children = (
				8387B2942C2A593800BF14E6 /* WallpaperApp.app */,
			);
			name = Products;
			sourceTree = "<group>";
		};
		8387B2962C2A593800BF14E6 /* WallpaperApp */ = {
			isa = PBXGroup;
			children = (
				8387B2972C2A593800BF14E6 /* AppDelegate.swift */,
				8387B2992C2A593800BF14E6 /* SceneDelegate.swift */,
				8387B29B2C2A593800BF14E6 /* ViewController.swift */,
				8387B29D2C2A593800BF14E6 /* Main.storyboard */,
				8387B2AD2C2A860600BF14E6 /* PhotoCollectionViewCell.swift */,
				8387B2AB2C2A781B00BF14E6 /* HomeViewController.swift */,
				8387B2A02C2A593900BF14E6 /* Assets.xcassets */,
				8387B2A22C2A593900BF14E6 /* LaunchScreen.storyboard */,
				8387B2A52C2A593900BF14E6 /* Info.plist */,
			);
			path = WallpaperApp;
			sourceTree = "<group>";
		};
/* End PBXGroup section */

/* Begin PBXNativeTarget section */
		8387B2932C2A593800BF14E6 /* WallpaperApp */ = {
			isa = PBXNativeTarget;
			buildConfigurationList = 8387B2A82C2A593900BF14E6 /* Build configuration list for PBXNativeTarget "WallpaperApp" */;
			buildPhases = (
				8387B2902C2A593800BF14E6 /* Sources */,
				8387B2912C2A593800BF14E6 /* Frameworks */,
				8387B2922C2A593800BF14E6 /* Resources */,
			);
			buildRules = (
			);
			dependencies = (
			);
			name = WallpaperApp;
			productName = WallpaperApp;
			productReference = 8387B2942C2A593800BF14E6 /* WallpaperApp.app */;
			productType = "com.apple.product-type.application";
		};
/* End PBXNativeTarget section */

/* Begin PBXProject section */
		8387B28C2C2A593700BF14E6 /* Project object */ = {
			isa = PBXProject;
			attributes = {
				BuildIndependentTargetsInParallel = 1;
				LastSwiftUpdateCheck = 1430;
				LastUpgradeCheck = 1430;
				TargetAttributes = {
					8387B2932C2A593800BF14E6 = {
						CreatedOnToolsVersion = 14.3.1;
					};
				};
			};
			buildConfigurationList = 8387B28F2C2A593700BF14E6 /* Build configuration list for PBXProject "WallpaperApp" */;
			compatibilityVersion = "Xcode 14.0";
			developmentRegion = en;
			hasScannedForEncodings = 0;
			knownRegions = (
				en,
				Base,
			);
			mainGroup = 8387B28B2C2A593700BF14E6;
			productRefGroup = 8387B2952C2A593800BF14E6 /* Products */;
			projectDirPath = "";
			projectRoot = "";
			targets = (
				8387B2932C2A593800BF14E6 /* WallpaperApp */,
			);
		};
/* End PBXProject section */

/* Begin PBXResourcesBuildPhase section */
		8387B2922C2A593800BF14E6 /* Resources */ = {
			isa = PBXResourcesBuildPhase;
			buildActionMask = 2147483647;
			files = (
				8387B2A42C2A593900BF14E6 /* LaunchScreen.storyboard in Resources */,
				8387B2A12C2A593900BF14E6 /* Assets.xcassets in Resources */,
				8387B29F2C2A593800BF14E6 /* Main.storyboard in Resources */,
				8319188F2C2E96F0006CDB4D /* FooterTabView.xib in Resources */,
			);
			runOnlyForDeploymentPostprocessing = 0;
		};
/* End PBXResourcesBuildPhase section */

/* Begin PBXSourcesBuildPhase section */
		8387B2902C2A593800BF14E6 /* Sources */ = {
			isa = PBXSourcesBuildPhase;
			buildActionMask = 2147483647;
			files = (
				83B741A22C324D910000FA6E /* AppInfoViewController.swift in Sources */,
				8319188D2C2E6CF8006CDB4D /* BigImageViewController.swift in Sources */,
				83B741A02C324D660000FA6E /* ColorSearchViewController.swift in Sources */,
				83A931792C33C7210089FE5C /* Structs.swift in Sources */,
				83A9317B2C33C9370089FE5C /* UnsplashAPI.swift in Sources */,
				8319188B2C2E4EBA006CDB4D /* SegueViewController.swift in Sources */,
				8387B29C2C2A593800BF14E6 /* ViewController.swift in Sources */,
				8387B2AE2C2A860600BF14E6 /* PhotoCollectionViewCell.swift in Sources */,
				8387B2982C2A593800BF14E6 /* AppDelegate.swift in Sources */,
				8387B29A2C2A593800BF14E6 /* SceneDelegate.swift in Sources */,
				8387B2AC2C2A781B00BF14E6 /* HomeViewController.swift in Sources */,
				83B7419E2C3239800000FA6E /* FooterTabView.swift in Sources */,
			);
			runOnlyForDeploymentPostprocessing = 0;
		};
/* End PBXSourcesBuildPhase section */

/* Begin PBXVariantGroup section */
		8387B29D2C2A593800BF14E6 /* Main.storyboard */ = {
			isa = PBXVariantGroup;
			children = (
				8387B29E2C2A593800BF14E6 /* Base */,
			);
			name = Main.storyboard;
			sourceTree = "<group>";
		};
		8387B2A22C2A593900BF14E6 /* LaunchScreen.storyboard */ = {
			isa = PBXVariantGroup;
			children = (
				8387B2A32C2A593900BF14E6 /* Base */,
			);
			name = LaunchScreen.storyboard;
			sourceTree = "<group>";
		};
/* End PBXVariantGroup section */

/* Begin XCBuildConfiguration section */
		8387B2A62C2A593900BF14E6 /* Debug */ = {
			isa = XCBuildConfiguration;
			buildSettings = {
				ALWAYS_SEARCH_USER_PATHS = NO;
				CLANG_ANALYZER_NONNULL = YES;
				CLANG_ANALYZER_NUMBER_OBJECT_CONVERSION = YES_AGGRESSIVE;
				CLANG_CXX_LANGUAGE_STANDARD = "gnu++20";
				CLANG_ENABLE_MODULES = YES;
				CLANG_ENABLE_OBJC_ARC = YES;
				CLANG_ENABLE_OBJC_WEAK = YES;
				CLANG_WARN_BLOCK_CAPTURE_AUTORELEASING = YES;
				CLANG_WARN_BOOL_CONVERSION = YES;
				CLANG_WARN_COMMA = YES;
				CLANG_WARN_CONSTANT_CONVERSION = YES;
				CLANG_WARN_DEPRECATED_OBJC_IMPLEMENTATIONS = YES;
				CLANG_WARN_DIRECT_OBJC_ISA_USAGE = YES_ERROR;
				CLANG_WARN_DOCUMENTATION_COMMENTS = YES;
				CLANG_WARN_EMPTY_BODY = YES;
				CLANG_WARN_ENUM_CONVERSION = YES;
				CLANG_WARN_INFINITE_RECURSION = YES;
				CLANG_WARN_INT_CONVERSION = YES;
				CLANG_WARN_NON_LITERAL_NULL_CONVERSION = YES;
				CLANG_WARN_OBJC_IMPLICIT_RETAIN_SELF = YES;
				CLANG_WARN_OBJC_LITERAL_CONVERSION = YES;
				CLANG_WARN_OBJC_ROOT_CLASS = YES_ERROR;
				CLANG_WARN_QUOTED_INCLUDE_IN_FRAMEWORK_HEADER = YES;
				CLANG_WARN_RANGE_LOOP_ANALYSIS = YES;
				CLANG_WARN_STRICT_PROTOTYPES = YES;
				CLANG_WARN_SUSPICIOUS_MOVE = YES;
				CLANG_WARN_UNGUARDED_AVAILABILITY = YES_AGGRESSIVE;
				CLANG_WARN_UNREACHABLE_CODE = YES;
				CLANG_WARN__DUPLICATE_METHOD_MATCH = YES;
				COPY_PHASE_STRIP = NO;
				DEBUG_INFORMATION_FORMAT = dwarf;
				ENABLE_STRICT_OBJC_MSGSEND = YES;
				ENABLE_TESTABILITY = YES;
				GCC_C_LANGUAGE_STANDARD = gnu11;
				GCC_DYNAMIC_NO_PIC = NO;
				GCC_NO_COMMON_BLOCKS = YES;
				GCC_OPTIMIZATION_LEVEL = 0;
				GCC_PREPROCESSOR_DEFINITIONS = (
					"DEBUG=1",
					"$(inherited)",
				);
				GCC_WARN_64_TO_32_BIT_CONVERSION = YES;
				GCC_WARN_ABOUT_RETURN_TYPE = YES_ERROR;
				GCC_WARN_UNDECLARED_SELECTOR = YES;
				GCC_WARN_UNINITIALIZED_AUTOS = YES_AGGRESSIVE;
				GCC_WARN_UNUSED_FUNCTION = YES;
				GCC_WARN_UNUSED_VARIABLE = YES;
				IPHONEOS_DEPLOYMENT_TARGET = 16.4;
				MTL_ENABLE_DEBUG_INFO = INCLUDE_SOURCE;
				MTL_FAST_MATH = YES;
				ONLY_ACTIVE_ARCH = YES;
				SDKROOT = iphoneos;
				SWIFT_ACTIVE_COMPILATION_CONDITIONS = DEBUG;
				SWIFT_OPTIMIZATION_LEVEL = "-Onone";
			};
			name = Debug;
		};
		8387B2A72C2A593900BF14E6 /* Release */ = {
			isa = XCBuildConfiguration;
			buildSettings = {
				ALWAYS_SEARCH_USER_PATHS = NO;
				CLANG_ANALYZER_NONNULL = YES;
				CLANG_ANALYZER_NUMBER_OBJECT_CONVERSION = YES_AGGRESSIVE;
				CLANG_CXX_LANGUAGE_STANDARD = "gnu++20";
				CLANG_ENABLE_MODULES = YES;
				CLANG_ENABLE_OBJC_ARC = YES;
				CLANG_ENABLE_OBJC_WEAK = YES;
				CLANG_WARN_BLOCK_CAPTURE_AUTORELEASING = YES;
				CLANG_WARN_BOOL_CONVERSION = YES;
				CLANG_WARN_COMMA = YES;
				CLANG_WARN_CONSTANT_CONVERSION = YES;
				CLANG_WARN_DEPRECATED_OBJC_IMPLEMENTATIONS = YES;
				CLANG_WARN_DIRECT_OBJC_ISA_USAGE = YES_ERROR;
				CLANG_WARN_DOCUMENTATION_COMMENTS = YES;
				CLANG_WARN_EMPTY_BODY = YES;
				CLANG_WARN_ENUM_CONVERSION = YES;
				CLANG_WARN_INFINITE_RECURSION = YES;
				CLANG_WARN_INT_CONVERSION = YES;
				CLANG_WARN_NON_LITERAL_NULL_CONVERSION = YES;
				CLANG_WARN_OBJC_IMPLICIT_RETAIN_SELF = YES;
				CLANG_WARN_OBJC_LITERAL_CONVERSION = YES;
				CLANG_WARN_OBJC_ROOT_CLASS = YES_ERROR;
				CLANG_WARN_QUOTED_INCLUDE_IN_FRAMEWORK_HEADER = YES;
				CLANG_WARN_RANGE_LOOP_ANALYSIS = YES;
				CLANG_WARN_STRICT_PROTOTYPES = YES;
				CLANG_WARN_SUSPICIOUS_MOVE = YES;
				CLANG_WARN_UNGUARDED_AVAILABILITY = YES_AGGRESSIVE;
				CLANG_WARN_UNREACHABLE_CODE = YES;
				CLANG_WARN__DUPLICATE_METHOD_MATCH = YES;
				COPY_PHASE_STRIP = NO;
				DEBUG_INFORMATION_FORMAT = "dwarf-with-dsym";
				ENABLE_NS_ASSERTIONS = NO;
				ENABLE_STRICT_OBJC_MSGSEND = YES;
				GCC_C_LANGUAGE_STANDARD = gnu11;
				GCC_NO_COMMON_BLOCKS = YES;
				GCC_WARN_64_TO_32_BIT_CONVERSION = YES;
				GCC_WARN_ABOUT_RETURN_TYPE = YES_ERROR;
				GCC_WARN_UNDECLARED_SELECTOR = YES;
				GCC_WARN_UNINITIALIZED_AUTOS = YES_AGGRESSIVE;
				GCC_WARN_UNUSED_FUNCTION = YES;
				GCC_WARN_UNUSED_VARIABLE = YES;
				IPHONEOS_DEPLOYMENT_TARGET = 16.4;
				MTL_ENABLE_DEBUG_INFO = NO;
				MTL_FAST_MATH = YES;
				SDKROOT = iphoneos;
				SWIFT_COMPILATION_MODE = wholemodule;
				SWIFT_OPTIMIZATION_LEVEL = "-O";
				VALIDATE_PRODUCT = YES;
			};
			name = Release;
		};
		8387B2A92C2A593900BF14E6 /* Debug */ = {
			isa = XCBuildConfiguration;
			buildSettings = {
				ASSETCATALOG_COMPILER_APPICON_NAME = AppIcon;
				ASSETCATALOG_COMPILER_GLOBAL_ACCENT_COLOR_NAME = AccentColor;
				CODE_SIGN_STYLE = Automatic;
				CURRENT_PROJECT_VERSION = 1;
				GENERATE_INFOPLIST_FILE = YES;
				INFOPLIST_FILE = WallpaperApp/Info.plist;
				INFOPLIST_KEY_UIApplicationSupportsIndirectInputEvents = YES;
				INFOPLIST_KEY_UILaunchStoryboardName = LaunchScreen;
				INFOPLIST_KEY_UIMainStoryboardFile = Main;
				INFOPLIST_KEY_UISupportedInterfaceOrientations_iPad = "UIInterfaceOrientationPortrait UIInterfaceOrientationPortraitUpsideDown UIInterfaceOrientationLandscapeLeft UIInterfaceOrientationLandscapeRight";
				INFOPLIST_KEY_UISupportedInterfaceOrientations_iPhone = "UIInterfaceOrientationPortrait UIInterfaceOrientationLandscapeLeft UIInterfaceOrientationLandscapeRight";
				LD_RUNPATH_SEARCH_PATHS = (
					"$(inherited)",
					"@executable_path/Frameworks",
				);
				MARKETING_VERSION = 1.0;
				PRODUCT_BUNDLE_IDENTIFIER = "Oguchi-Haruka.WallpaperApp";
				PRODUCT_NAME = "$(TARGET_NAME)";
				SWIFT_EMIT_LOC_STRINGS = YES;
				SWIFT_VERSION = 5.0;
				TARGETED_DEVICE_FAMILY = "1,2";
			};
			name = Debug;
		};
		8387B2AA2C2A593900BF14E6 /* Release */ = {
			isa = XCBuildConfiguration;
			buildSettings = {
				ASSETCATALOG_COMPILER_APPICON_NAME = AppIcon;
				ASSETCATALOG_COMPILER_GLOBAL_ACCENT_COLOR_NAME = AccentColor;
				CODE_SIGN_STYLE = Automatic;
				CURRENT_PROJECT_VERSION = 1;
				GENERATE_INFOPLIST_FILE = YES;
				INFOPLIST_FILE = WallpaperApp/Info.plist;
				INFOPLIST_KEY_UIApplicationSupportsIndirectInputEvents = YES;
				INFOPLIST_KEY_UILaunchStoryboardName = LaunchScreen;
				INFOPLIST_KEY_UIMainStoryboardFile = Main;
				INFOPLIST_KEY_UISupportedInterfaceOrientations_iPad = "UIInterfaceOrientationPortrait UIInterfaceOrientationPortraitUpsideDown UIInterfaceOrientationLandscapeLeft UIInterfaceOrientationLandscapeRight";
				INFOPLIST_KEY_UISupportedInterfaceOrientations_iPhone = "UIInterfaceOrientationPortrait UIInterfaceOrientationLandscapeLeft UIInterfaceOrientationLandscapeRight";
				LD_RUNPATH_SEARCH_PATHS = (
					"$(inherited)",
					"@executable_path/Frameworks",
				);
				MARKETING_VERSION = 1.0;
				PRODUCT_BUNDLE_IDENTIFIER = "Oguchi-Haruka.WallpaperApp";
				PRODUCT_NAME = "$(TARGET_NAME)";
				SWIFT_EMIT_LOC_STRINGS = YES;
				SWIFT_VERSION = 5.0;
				TARGETED_DEVICE_FAMILY = "1,2";
			};
			name = Release;
		};
/* End XCBuildConfiguration section */

/* Begin XCConfigurationList section */
		8387B28F2C2A593700BF14E6 /* Build configuration list for PBXProject "WallpaperApp" */ = {
			isa = XCConfigurationList;
			buildConfigurations = (
				8387B2A62C2A593900BF14E6 /* Debug */,
				8387B2A72C2A593900BF14E6 /* Release */,
			);
			defaultConfigurationIsVisible = 0;
			defaultConfigurationName = Release;
		};
		8387B2A82C2A593900BF14E6 /* Build configuration list for PBXNativeTarget "WallpaperApp" */ = {
			isa = XCConfigurationList;
			buildConfigurations = (
				8387B2A92C2A593900BF14E6 /* Debug */,
				8387B2AA2C2A593900BF14E6 /* Release */,
			);
			defaultConfigurationIsVisible = 0;
			defaultConfigurationName = Release;
		};
/* End XCConfigurationList section */
	};
	rootObject = 8387B28C2C2A593700BF14E6 /* Project object */;
}
